{
  "name": "colours",
  "version": "1.0.0",
  "lockfileVersion": 1,
  "requires": true,
  "dependencies": {
    "delaunator": {
      "version": "1.0.5",
      "resolved": "https://registry.npmjs.org/delaunator/-/delaunator-1.0.5.tgz",
      "integrity": "sha512-pWD+nfP2HCAttfO8F9ju0kTCa5Ks79pRP8N43NCb5ToImT9cw10+EmdKN89NniwketNJ5d+Me5LCUAyP4vQqAg=="
    }
  }
}
