{
  "name": "colours",
  "version": "1.0.0",
  "lockfileVersion": 1,
  "requires": true,
  "dependencies": {
    "delaunator": {
      "version": "1.0.5",
      "resolved": "https://registry.npmjs.org/delaunator/-/delaunator-1.0.5.tgz",
      "integrity": "sha512-pWD+nfP2HCAttfO8F9ju0kTCa5Ks79pRP8N43NCb5ToImT9cw10+EmdKN89NniwketNJ5d+Me5LCUAyP4vQqAg=="
    },
    "marchingsquares": {
      "version": "1.2.0",
      "resolved": "https://registry.npmjs.org/marchingsquares/-/marchingsquares-1.2.0.tgz",
      "integrity": "sha1-Nq4tzBcL5XbUJXmqw8RtqJq2UOY="
    },
    "simplify-js": {
      "version": "1.2.3",
      "resolved": "https://registry.npmjs.org/simplify-js/-/simplify-js-1.2.3.tgz",
      "integrity": "sha512-0IkEqs+5c5vROkHaifGfbqHf5tYDcsTBy6oJPRbFCSwp2uzEr+PpH3dNP7wD8O3d7zdUCjLVq1/xHkwA/JjlFA=="
    }
  }
}
