{
  "name": "colours",
  "version": "1.0.0",
  "lockfileVersion": 1,
  "requires": true,
  "dependencies": {
    "@turf/boolean-point-in-polygon": {
      "version": "5.1.5",
      "resolved": "https://registry.npmjs.org/@turf/boolean-point-in-polygon/-/boolean-point-in-polygon-5.1.5.tgz",
      "integrity": "sha1-8BzBlNHgMKVIv9qYHLpDz9YpQbc=",
      "requires": {
        "@turf/helpers": "5.1.5",
        "@turf/invariant": "5.2.0"
      },
      "dependencies": {
        "@turf/helpers": {
          "version": "5.1.5",
          "resolved": "https://registry.npmjs.org/@turf/helpers/-/helpers-5.1.5.tgz",
          "integrity": "sha1-FTQFInq5M9AEpbuWQantmZ/L4M8="
        }
      }
    },
    "@turf/helpers": {
      "version": "6.0.0-beta.3",
      "resolved": "https://registry.npmjs.org/@turf/helpers/-/helpers-6.0.0-beta.3.tgz",
      "integrity": "sha1-8b2w2dVxs5mqU0KkoiWKPlAD/wM="
    },
    "@turf/invariant": {
      "version": "5.2.0",
      "resolved": "https://registry.npmjs.org/@turf/invariant/-/invariant-5.2.0.tgz",
      "integrity": "sha1-8BUP9ykLOFd7c9CIt5MsHuCqkKc=",
      "requires": {
        "@turf/helpers": "5.1.5"
      },
      "dependencies": {
        "@turf/helpers": {
          "version": "5.1.5",
          "resolved": "https://registry.npmjs.org/@turf/helpers/-/helpers-5.1.5.tgz",
          "integrity": "sha1-FTQFInq5M9AEpbuWQantmZ/L4M8="
        }
      }
    },
    "d3": {
      "version": "4.2.0",
      "resolved": "https://registry.npmjs.org/d3/-/d3-4.2.0.tgz",
      "integrity": "sha1-DFn7NMVVdlfUHquRdnVDR53JjQM=",
      "requires": {
        "d3-array": "1.0.0",
        "d3-axis": "1.0.1",
        "d3-brush": "1.0.1",
        "d3-chord": "1.0.1",
        "d3-collection": "1.0.0",
        "d3-color": "1.0.0",
        "d3-dispatch": "1.0.0",
        "d3-drag": "1.0.0",
        "d3-dsv": "1.0.0",
        "d3-ease": "1.0.0",
        "d3-force": "1.0.1",
        "d3-format": "1.0.1",
        "d3-geo": "1.2.0",
        "d3-hierarchy": "1.0.1",
        "d3-interpolate": "1.1.0",
        "d3-path": "1.0.0",
        "d3-polygon": "1.0.0",
        "d3-quadtree": "1.0.0",
        "d3-queue": "3.0.1",
        "d3-random": "1.0.0",
        "d3-request": "1.0.1",
        "d3-scale": "1.0.2",
        "d3-selection": "1.0.1",
        "d3-shape": "1.0.1",
        "d3-time": "1.0.1",
        "d3-time-format": "2.0.1",
        "d3-timer": "1.0.1",
        "d3-transition": "1.0.0",
        "d3-voronoi": "1.0.1",
        "d3-zoom": "1.0.2"
      }
    },
    "d3-array": {
      "version": "1.0.0",
      "resolved": "https://registry.npmjs.org/d3-array/-/d3-array-1.0.0.tgz",
      "integrity": "sha1-8OVQ6JrMp/2rdMr+SR99gshwR68="
    },
    "d3-axis": {
      "version": "1.0.1",
      "resolved": "https://registry.npmjs.org/d3-axis/-/d3-axis-1.0.1.tgz",
      "integrity": "sha1-ZTFh9z7nlfl6wMRt/oeP2TgnR5Y="
    },
    "d3-brush": {
      "version": "1.0.1",
      "resolved": "https://registry.npmjs.org/d3-brush/-/d3-brush-1.0.1.tgz",
      "integrity": "sha1-1Fev/CZxpUzBzFQp7/bEwAvQyOM=",
      "requires": {
        "d3-dispatch": "1.0.0",
        "d3-drag": "1.0.0",
        "d3-interpolate": "1.1.0",
        "d3-selection": "1.0.1",
        "d3-transition": "1.0.0"
      }
    },
    "d3-chord": {
      "version": "1.0.1",
      "resolved": "https://registry.npmjs.org/d3-chord/-/d3-chord-1.0.1.tgz",
      "integrity": "sha1-PnAU0u3aYN81ZphfZ4qU32eJPaU=",
      "requires": {
        "d3-array": "1.0.0",
        "d3-path": "1.0.0"
      }
    },
    "d3-collection": {
      "version": "1.0.0",
      "resolved": "https://registry.npmjs.org/d3-collection/-/d3-collection-1.0.0.tgz",
      "integrity": "sha1-EZ/mM7+UazTWgrp9roooLG9phHs="
    },
    "d3-color": {
      "version": "1.0.0",
      "resolved": "https://registry.npmjs.org/d3-color/-/d3-color-1.0.0.tgz",
      "integrity": "sha1-6qv524d6LnltJ2RKj1uT3fn/boQ="
    },
    "d3-dispatch": {
      "version": "1.0.0",
      "resolved": "https://registry.npmjs.org/d3-dispatch/-/d3-dispatch-1.0.0.tgz",
      "integrity": "sha1-fzbCFkmhDyoyRR3MqHmKBUFkSb4="
    },
    "d3-drag": {
      "version": "1.0.0",
      "resolved": "https://registry.npmjs.org/d3-drag/-/d3-drag-1.0.0.tgz",
      "integrity": "sha1-NPDLYmV1T5TdH8NCpXRu22Deumw=",
      "requires": {
        "d3-dispatch": "1.0.0",
        "d3-selection": "1.0.1"
      }
    },
    "d3-dsv": {
      "version": "1.0.0",
      "resolved": "https://registry.npmjs.org/d3-dsv/-/d3-dsv-1.0.0.tgz",
      "integrity": "sha1-RRQvTYT/tiIO8JwXe2L+fyKBqBM=",
      "requires": {
        "rw": "1.3.3"
      }
    },
    "d3-ease": {
      "version": "1.0.0",
      "resolved": "https://registry.npmjs.org/d3-ease/-/d3-ease-1.0.0.tgz",
      "integrity": "sha1-AZgbM/MMpug7XgO3hnNF8EV9eaU="
    },
    "d3-force": {
      "version": "1.0.1",
      "resolved": "https://registry.npmjs.org/d3-force/-/d3-force-1.0.1.tgz",
      "integrity": "sha1-vPLENOdN8ETDv9VgGTf8y5xP/jU=",
      "requires": {
        "d3-collection": "1.0.0",
        "d3-dispatch": "1.0.0",
        "d3-quadtree": "1.0.0",
        "d3-timer": "1.0.1"
      }
    },
    "d3-format": {
      "version": "1.0.1",
      "resolved": "https://registry.npmjs.org/d3-format/-/d3-format-1.0.1.tgz",
      "integrity": "sha1-7j9/bG3DQOzCb3Ek2t4uJxI8oYM="
    },
    "d3-geo": {
      "version": "1.2.0",
      "resolved": "https://registry.npmjs.org/d3-geo/-/d3-geo-1.2.0.tgz",
      "integrity": "sha1-jrbdTQ08KSP3Vwq8HuO2nZauAY0=",
      "requires": {
        "d3-array": "1.0.0"
      }
    },
    "d3-hierarchy": {
      "version": "1.0.1",
      "resolved": "https://registry.npmjs.org/d3-hierarchy/-/d3-hierarchy-1.0.1.tgz",
      "integrity": "sha1-UumRSZ3iENOOj7rThYbnqRB/a9Y="
    },
    "d3-interpolate": {
      "version": "1.1.0",
      "resolved": "https://registry.npmjs.org/d3-interpolate/-/d3-interpolate-1.1.0.tgz",
      "integrity": "sha1-T3vaYkM9TfH2OcxciFDN0vPx59c=",
      "requires": {
        "d3-color": "1.0.0"
      }
    },
    "d3-path": {
      "version": "1.0.0",
      "resolved": "https://registry.npmjs.org/d3-path/-/d3-path-1.0.0.tgz",
      "integrity": "sha1-MKjO5g6Ngh9lf9wkgQdVvvkmnnY="
    },
    "d3-polygon": {
      "version": "1.0.0",
      "resolved": "https://registry.npmjs.org/d3-polygon/-/d3-polygon-1.0.0.tgz",
      "integrity": "sha1-WAeVhddaBKLy6yYLw35mMhn9MUQ="
    },
    "d3-quadtree": {
      "version": "1.0.0",
      "resolved": "https://registry.npmjs.org/d3-quadtree/-/d3-quadtree-1.0.0.tgz",
      "integrity": "sha1-Q8BokdeyUyZlbjj+wWxGnllvFH4="
    },
    "d3-queue": {
      "version": "3.0.1",
      "resolved": "https://registry.npmjs.org/d3-queue/-/d3-queue-3.0.1.tgz",
      "integrity": "sha1-ozGNA4lejxoxOzpeRiaO+fMRfWc="
    },
    "d3-random": {
      "version": "1.0.0",
      "resolved": "https://registry.npmjs.org/d3-random/-/d3-random-1.0.0.tgz",
      "integrity": "sha1-5cvTjx2oQh1Sa/a7NDgZRq5PtAk="
    },
    "d3-request": {
      "version": "1.0.1",
      "resolved": "https://registry.npmjs.org/d3-request/-/d3-request-1.0.1.tgz",
      "integrity": "sha1-tMWNeShvuEahJUyIJRS2Zxk5sfE=",
      "requires": {
        "d3-collection": "1.0.0",
        "d3-dispatch": "1.0.0",
        "d3-dsv": "1.0.0",
        "xmlhttprequest": "1.8.0"
      }
    },
    "d3-scale": {
      "version": "1.0.2",
      "resolved": "https://registry.npmjs.org/d3-scale/-/d3-scale-1.0.2.tgz",
      "integrity": "sha1-xCqFflMuEtOoOUzWeHg+NdVbRmw=",
      "requires": {
        "d3-array": "1.0.0",
        "d3-collection": "1.0.0",
        "d3-color": "1.0.0",
        "d3-format": "1.0.1",
        "d3-interpolate": "1.1.0",
        "d3-time": "1.0.1",
        "d3-time-format": "2.0.1"
      }
    },
    "d3-selection": {
      "version": "1.0.1",
      "resolved": "https://registry.npmjs.org/d3-selection/-/d3-selection-1.0.1.tgz",
      "integrity": "sha1-aAYBr3h19Y2psGKIqjo2vX9idxQ="
    },
    "d3-shape": {
      "version": "1.0.1",
      "resolved": "https://registry.npmjs.org/d3-shape/-/d3-shape-1.0.1.tgz",
      "integrity": "sha1-e07Lci9y3ZDm4r9nreg3ZzWUJxs=",
      "requires": {
        "d3-path": "1.0.0"
      }
    },
    "d3-time": {
      "version": "1.0.1",
      "resolved": "https://registry.npmjs.org/d3-time/-/d3-time-1.0.1.tgz",
      "integrity": "sha1-/lPP9lhkcTQ4EK0wzlQ/NWS7+z8="
    },
    "d3-time-format": {
      "version": "2.0.1",
      "resolved": "https://registry.npmjs.org/d3-time-format/-/d3-time-format-2.0.1.tgz",
      "integrity": "sha1-9ieA0plbCgptjYEnbJbDD2YiHjY=",
      "requires": {
        "d3-time": "1.0.1"
      }
    },
    "d3-timer": {
      "version": "1.0.1",
      "resolved": "https://registry.npmjs.org/d3-timer/-/d3-timer-1.0.1.tgz",
      "integrity": "sha1-enuFoAx1A6bRqF0l0/KFd88sBmM="
    },
    "d3-transition": {
      "version": "1.0.0",
      "resolved": "https://registry.npmjs.org/d3-transition/-/d3-transition-1.0.0.tgz",
      "integrity": "sha1-pPUPJ3uwhJNgOjD7kEUZ8+3UzSM=",
      "requires": {
        "d3-color": "1.0.0",
        "d3-dispatch": "1.0.0",
        "d3-ease": "1.0.0",
        "d3-interpolate": "1.1.0",
        "d3-selection": "1.0.1",
        "d3-timer": "1.0.1"
      }
    },
    "d3-voronoi": {
      "version": "1.0.1",
      "resolved": "https://registry.npmjs.org/d3-voronoi/-/d3-voronoi-1.0.1.tgz",
      "integrity": "sha1-UYZ2M6srwgSQ9AOfiQhdDE3KmbM="
    },
    "d3-zoom": {
      "version": "1.0.2",
      "resolved": "https://registry.npmjs.org/d3-zoom/-/d3-zoom-1.0.2.tgz",
      "integrity": "sha1-6dA5KMr85uEfJAlRDZMAgnwKGLk=",
      "requires": {
        "d3-dispatch": "1.0.0",
        "d3-drag": "1.0.0",
        "d3-interpolate": "1.1.0",
        "d3-selection": "1.0.1",
        "d3-transition": "1.0.0"
      }
    },
    "delaunator": {
      "version": "1.0.5",
      "resolved": "https://registry.npmjs.org/delaunator/-/delaunator-1.0.5.tgz",
      "integrity": "sha512-pWD+nfP2HCAttfO8F9ju0kTCa5Ks79pRP8N43NCb5ToImT9cw10+EmdKN89NniwketNJ5d+Me5LCUAyP4vQqAg=="
    },
    "js-priority-queue": {
      "version": "0.1.5",
      "resolved": "https://registry.npmjs.org/js-priority-queue/-/js-priority-queue-0.1.5.tgz",
      "integrity": "sha1-9x6bISDJHood2rO300fawB2B6Dc="
    },
    "marchingsquares": {
      "version": "1.2.0",
      "resolved": "https://registry.npmjs.org/marchingsquares/-/marchingsquares-1.2.0.tgz",
      "integrity": "sha1-Nq4tzBcL5XbUJXmqw8RtqJq2UOY="
    },
    "mgrs": {
      "version": "1.0.0",
      "resolved": "https://registry.npmjs.org/mgrs/-/mgrs-1.0.0.tgz",
      "integrity": "sha1-+5FYjnjJACVnI5XLQLJffNatGCk="
    },
    "postprocessing": {
      "version": "4.1.0",
      "resolved": "https://registry.npmjs.org/postprocessing/-/postprocessing-4.1.0.tgz",
      "integrity": "sha512-VnLDuPrcTm7W6//vGe70A2HGJ4Xu0CTpZFbpq+NurzsDXJ+tPtPbLnuBSORDQ8AkqaQVklSSz5FKOMtJpfVnsA==",
      "requires": {
        "three": "0.89.0"
      }
    },
    "proj4": {
      "version": "2.4.4",
      "resolved": "https://registry.npmjs.org/proj4/-/proj4-2.4.4.tgz",
      "integrity": "sha512-yo6qTpBQXnxhcPopKJeVwwOBRzUpEa3vzSFlr38f5mF4Jnfb6NOL/ePIomefWiZmPgkUblHpcwnWVMB8FS3GKw==",
      "requires": {
        "mgrs": "1.0.0",
        "wkt-parser": "1.2.1"
      }
    },
    "rw": {
      "version": "1.3.3",
      "resolved": "https://registry.npmjs.org/rw/-/rw-1.3.3.tgz",
      "integrity": "sha1-P4Yt+pGrdmsUiF700BEkv9oHT7Q="
    },
    "simplify-js": {
      "version": "1.2.3",
      "resolved": "https://registry.npmjs.org/simplify-js/-/simplify-js-1.2.3.tgz",
      "integrity": "sha512-0IkEqs+5c5vROkHaifGfbqHf5tYDcsTBy6oJPRbFCSwp2uzEr+PpH3dNP7wD8O3d7zdUCjLVq1/xHkwA/JjlFA=="
    },
    "three": {
      "version": "0.89.0",
      "resolved": "https://registry.npmjs.org/three/-/three-0.89.0.tgz",
      "integrity": "sha1-RELYGaYWiHG40ss3rRKiQxDBcPU="
    },
    "txtgen": {
      "version": "2.0.1",
      "resolved": "https://registry.npmjs.org/txtgen/-/txtgen-2.0.1.tgz",
      "integrity": "sha512-imTmxNA5+SCiw7QIUM9sju5oqNBVW4zFVOvZZOzY4x3Lv9sUx3rEcvqWxq/Zx341NcrB/Ngz57FUjY9k7cu0eQ=="
    },
    "wkt-parser": {
      "version": "1.2.1",
      "resolved": "https://registry.npmjs.org/wkt-parser/-/wkt-parser-1.2.1.tgz",
      "integrity": "sha512-c6iNYzlbWNXwtcZ+0DMy1AOSHxVKFPR4a8EBVOgVbDSeSEnz2gpicmXSnuql1tKgS67CY+ughyjprP8pckk5jg=="
    },
    "xmlhttprequest": {
      "version": "1.8.0",
      "resolved": "https://registry.npmjs.org/xmlhttprequest/-/xmlhttprequest-1.8.0.tgz",
      "integrity": "sha1-Z/4HXFwk/vOfnWX197f+dRcZaPw="
    }
  }
}
